
Microsoft Visual Studio Solution File, Format Version 12.00
# Visual Studio Version 17
VisualStudioVersion = 17.11.35312.102
MinimumVisualStudioVersion = 10.0.40219.1
Project("{2150E333-8FDC-42A3-9474-1A3956D46DE8}") = "src", "src", "{345704E5-9AD0-4255-B976-13E82B6BF04E}"
EndProject
Project("{FAE04EC0-301F-11D3-BF4B-00C04F79EFBC}") = "Bff", "Bff\Bff.csproj", "{0C55317B-DE9B-49EE-9191-6E700EBCDD6F}"
EndProject
Global
	GlobalSection(SolutionConfigurationPlatforms) = preSolution
		Debug|Any CPU = Debug|Any CPU
		Release|Any CPU = Release|Any CPU
	EndGlobalSection
	GlobalSection(ProjectConfigurationPlatforms) = postSolution
		{0C55317B-DE9B-49EE-9191-6E700EBCDD6F}.Debug|Any CPU.ActiveCfg = Debug|Any CPU
		{0C55317B-DE9B-49EE-9191-6E700EBCDD6F}.Debug|Any CPU.Build.0 = Debug|Any CPU
		{0C55317B-DE9B-49EE-9191-6E700EBCDD6F}.Release|Any CPU.ActiveCfg = Release|Any CPU
		{0C55317B-DE9B-49EE-9191-6E700EBCDD6F}.Release|Any CPU.Build.0 = Release|Any CPU
	EndGlobalSection
	GlobalSection(SolutionProperties) = preSolution
		HideSolutionNode = FALSE
	EndGlobalSection
	GlobalSection(NestedProjects) = preSolution
		{0C55317B-DE9B-49EE-9191-6E700EBCDD6F} = {345704E5-9AD0-4255-B976-13E82B6BF04E}
	EndGlobalSection
	GlobalSection(ExtensibilityGlobals) = postSolution
		SolutionGuid = {AE4C6016-C2A0-40CA-B435-7896DEF7D851}
	EndGlobalSection
EndGlobal
